{
  "name": "async-demo",
  "version": "1.0.0",
  "lockfileVersion": 3,
  "requires": true,
  "packages": {
    "": {
      "name": "async-demo",
      "version": "1.0.0",
      "license": "ISC",
      "dependencies": {
        "afn-currency-text": "^1.0.0"
      }
    },
    "node_modules/afn-currency-text": {
      "version": "1.0.0",
      "resolved": "https://registry.npmjs.org/afn-currency-text/-/afn-currency-text-1.0.0.tgz",
      "integrity": "sha512-tIPZ/2uIWghYzDF8r5A2E3sSaCp/ASGTtI/DoAj6Wl56xwdnB2f94SujhzDLXFBpb42ZDWBlApjZLGSS2ZAcMw=="
    }
  }
}
